
Microsoft Visual Studio Solution File, Format Version 12.00
# Visual Studio 2012
Project("{FAE04EC0-301F-11D3-BF4B-00C04F79EFBC}") = "CasualScience.Purge", "CasualScience.Purge\CasualScience.Purge.csproj", "{625A7CF8-A366-48F4-80A9-3A91D221C180}"
EndProject
Global
	GlobalSection(SolutionConfigurationPlatforms) = preSolution
		Debug|Any CPU = Debug|Any CPU
		Release|Any CPU = Release|Any CPU
	EndGlobalSection
	GlobalSection(ProjectConfigurationPlatforms) = postSolution
		{625A7CF8-A366-48F4-80A9-3A91D221C180}.Debug|Any CPU.ActiveCfg = Debug|Any CPU
		{625A7CF8-A366-48F4-80A9-3A91D221C180}.Debug|Any CPU.Build.0 = Debug|Any CPU
		{625A7CF8-A366-48F4-80A9-3A91D221C180}.Release|Any CPU.ActiveCfg = Release|Any CPU
		{625A7CF8-A366-48F4-80A9-3A91D221C180}.Release|Any CPU.Build.0 = Release|Any CPU
	EndGlobalSection
	GlobalSection(SolutionProperties) = preSolution
		HideSolutionNode = FALSE
	EndGlobalSection
EndGlobal
